{
    "_readme": [
        "This file locks the dependencies of your project to a known state",
        "Read more about it at https://getcomposer.org/doc/01-basic-usage.md#installing-dependencies",
        "This file is @generated automatically"
    ],
    "content-hash": "ed232b694ab4616ba26fff2cb3198794",
    "packages": [
        {
            "name": "patrickschur/language-detection",
            "version": "dev-master",
            "source": {
                "type": "git",
                "url": "https://github.com/patrickschur/language-detection.git",
                "reference": "b8da335336c09fa6814fe0ca0d6d506c357cd7b9"
            },
            "dist": {
                "type": "zip",
                "url": "https://api.github.com/repos/patrickschur/language-detection/zipball/b8da335336c09fa6814fe0ca0d6d506c357cd7b9",
                "reference": "b8da335336c09fa6814fe0ca0d6d506c357cd7b9",
                "shasum": ""
            },
            "require": {
                "ext-json": "*",
                "ext-mbstring": "*",
                "php": "^7.4 || ^8.0"
            },
            "require-dev": {
                "phpunit/phpunit": "^9.5.0"
            },
            "default-branch": true,
            "type": "library",
            "autoload": {
                "psr-4": {
                    "LanguageDetection\\": "src/LanguageDetection"
                }
            },
            "notification-url": "https://packagist.org/downloads/",
            "license": [
                "MIT"
            ],
            "authors": [
                {
                    "name": "Patrick Schur",
                    "email": "patrick_schur@outlook.de"
                }
            ],
            "description": "A language detection library for PHP. Detects the language from a given text string.",
            "homepage": "https://github.com/patrickschur/language-detection",
            "keywords": [
                "detect",
                "detection",
                "language"
            ],
            "support": {
                "issues": "https://github.com/patrickschur/language-detection/issues",
                "source": "https://github.com/patrickschur/language-detection/tree/v5.3.0"
            },
            "time": "2023-08-18T22:46:39+00:00"
        }
    ],
    "packages-dev": [],
    "aliases": [],
    "minimum-stability": "dev",
    "stability-flags": {
        "patrickschur/language-detection": 20
    },
    "prefer-stable": false,
    "prefer-lowest": false,
    "platform": {},
    "platform-dev": {},
    "platform-overrides": {
        "php": "7.4"
    },
    "plugin-api-version": "2.6.0"
}
